<?xml version="1.0" encoding="utf-8"?>
<Project ToolsVersion="4.0" xmlns="http://schemas.microsoft.com/developer/msbuild/2003">
  <ItemGroup>
    <Filter Include="Source Files">
      <UniqueIdentifier>{4FC737F1-C7A5-4376-A066-2A32D752A2FF}</UniqueIdentifier>
      <Extensions>cpp;c;cc;cxx;def;odl;idl;hpj;bat;asm;asmx</Extensions>
    </Filter>
    <Filter Include="Header Files">
      <UniqueIdentifier>{93995380-89BD-4b04-88EB-625FBE52EBFB}</UniqueIdentifier>
      <Extensions>h;hh;hpp;hxx;hm;inl;inc;xsd</Extensions>
    </Filter>
    <Filter Include="Resource Files">
      <UniqueIdentifier>{67DA6AB6-F800-4c08-8B7A-83BB121AAD01}</UniqueIdentifier>
      <Extensions>rc;ico;cur;bmp;dlg;rc2;rct;bin;rgs;gif;jpg;jpeg;jpe;resx;tiff;tif;png;wav;mfcribbon-ms</Extensions>
    </Filter>
    <Filter Include="OOC">
      <UniqueIdentifier>{8dca3c10-c376-433c-a2ff-d5a1422bfd43}</UniqueIdentifier>
    </Filter>
  </ItemGroup>
  <ItemGroup>
    <ClCompile Include="main.c">
      <Filter>Source Files</Filter>
    </ClCompile>
    <ClCompile Include="OOC\Class.c">
      <Filter>OOC</Filter>
    </ClCompile>
    <ClCompile Include="OOC\Log.c">
      <Filter>OOC</Filter>
    </ClCompile>
    <ClCompile Include="OOC\New.c">
      <Filter>OOC</Filter>
    </ClCompile>
    <ClCompile Include="OOC\Object.c">
      <Filter>OOC</Filter>
    </ClCompile>
    <ClCompile Include="OOC\Point.c">
      <Filter>OOC</Filter>
    </ClCompile>
    <ClCompile Include="Production.c">
      <Filter>Source Files</Filter>
    </ClCompile>
    <ClCompile Include="OOC\String.c">
      <Filter>OOC</Filter>
    </ClCompile>
    <ClCompile Include="OOC\OOC.c">
      <Filter>OOC</Filter>
    </ClCompile>
    <ClCompile Include="Regexp.c">
      <Filter>Source Files</Filter>
    </ClCompile>
    <ClCompile Include="OOC\Set.c">
      <Filter>OOC</Filter>
    </ClCompile>
  </ItemGroup>
  <ItemGroup>
    <ClInclude Include="OOC\Class.h">
      <Filter>OOC</Filter>
    </ClInclude>
    <ClInclude Include="OOC\Class_r.h">
      <Filter>OOC</Filter>
    </ClInclude>
    <ClInclude Include="OOC\Log.h">
      <Filter>OOC</Filter>
    </ClInclude>
    <ClInclude Include="OOC\New.h">
      <Filter>OOC</Filter>
    </ClInclude>
    <ClInclude Include="OOC\Object.h">
      <Filter>OOC</Filter>
    </ClInclude>
    <ClInclude Include="OOC\Object_r.h">
      <Filter>OOC</Filter>
    </ClInclude>
    <ClInclude Include="OOC\Point.h">
      <Filter>OOC</Filter>
    </ClInclude>
    <ClInclude Include="OOC\Point_r.h">
      <Filter>OOC</Filter>
    </ClInclude>
    <ClInclude Include="Production.h">
      <Filter>Header Files</Filter>
    </ClInclude>
    <ClInclude Include="OOC\String.h">
      <Filter>OOC</Filter>
    </ClInclude>
    <ClInclude Include="OOC\String_r.h">
      <Filter>OOC</Filter>
    </ClInclude>
    <ClInclude Include="OOC\OOC.h">
      <Filter>OOC</Filter>
    </ClInclude>
    <ClInclude Include="Regexp.h">
      <Filter>Header Files</Filter>
    </ClInclude>
    <ClInclude Include="OOC\Set.h">
      <Filter>OOC</Filter>
    </ClInclude>
    <ClInclude Include="OOC\Set_r.h">
      <Filter>OOC</Filter>
    </ClInclude>
    <ClInclude Include="Production_r.h">
      <Filter>Header Files</Filter>
    </ClInclude>
    <ClInclude Include="Regexp_r.h">
      <Filter>Header Files</Filter>
    </ClInclude>
  </ItemGroup>
</Project>